<?xml version="1.0" encoding="utf-8"?>
<Project ToolsVersion="4.0" xmlns="http://schemas.microsoft.com/developer/msbuild/2003">
  <ItemGroup>
    <ClCompile Include="main.cpp" />
    <ClCompile Include="..\..\QtClassClient\Reliable\Connections\CAbsConnection.cpp">
      <Filter>Connections</Filter>
    </ClCompile>
    <ClCompile Include="..\..\QtClassClient\Reliable\Connections\CConnection.cpp">
      <Filter>Connections</Filter>
    </ClCompile>
    <ClCompile Include="..\..\QtClassClient\Reliable\Connections\CHubConnection.cpp">
      <Filter>Connections</Filter>
    </ClCompile>
    <ClCompile Include="..\..\QtClassClient\Reliable\Connections\CPeerConnection.cpp">
      <Filter>Connections</Filter>
    </ClCompile>
    <ClCompile Include="..\..\QtClassClient\Reliable\Connections\CReliableConnection.cpp">
      <Filter>Connections</Filter>
    </ClCompile>
    <ClCompile Include="..\..\QtClassClient\Reliable\Connections\CAbsSocket.cpp">
      <Filter>Socket</Filter>
    </ClCompile>
    <ClCompile Include="..\..\QtClassClient\Reliable\Connections\CSynSocket.cpp">
      <Filter>Socket</Filter>
    </ClCompile>
    <ClCompile Include="..\..\QtClassClient\Reliable\DataUnit\CBlock.cpp">
      <Filter>DataUnit</Filter>
    </ClCompile>
    <ClCompile Include="..\..\QtClassClient\Reliable\DataUnit\CBlockManager.cpp">
      <Filter>DataUnit</Filter>
    </ClCompile>
    <ClCompile Include="..\..\QtClassClient\Reliable\DataUnit\CMessage.cpp">
      <Filter>DataUnit</Filter>
    </ClCompile>
    <ClCompile Include="..\..\QtClassClient\Reliable\DataUnit\CPackage.cpp">
      <Filter>DataUnit</Filter>
    </ClCompile>
    <ClCompile Include="..\..\QtClassClient\Reliable\OSInedependent\others.cpp">
      <Filter>OSIndependant</Filter>
    </ClCompile>
    <ClCompile Include="..\..\QtClassClient\Reliable\OSInedependent\libiop\iop_thread.c">
      <Filter>OSIndependant</Filter>
    </ClCompile>
    <ClCompile Include="..\..\QtClassClient\Reliable\OSInedependent\libiop\iop_util.c">
      <Filter>OSIndependant</Filter>
    </ClCompile>
    <ClCompile Include="..\..\QtClassClient\Reliable\Server\CAbsServer.cpp">
      <Filter>Server</Filter>
    </ClCompile>
    <ClCompile Include="..\..\QtClassClient\Reliable\Server\CAgentServer.cpp">
      <Filter>Server</Filter>
    </ClCompile>
    <ClCompile Include="..\..\QtClassClient\Reliable\Server\CServer.cpp">
      <Filter>Server</Filter>
    </ClCompile>
    <ClCompile Include="..\..\QtClassClient\Reliable\Server\CWSServer.cpp">
      <Filter>Server</Filter>
    </ClCompile>
    <ClCompile Include="..\..\QtClassClient\Reliable\Strategy\CAbsStrategy.cpp">
      <Filter>Strategy</Filter>
    </ClCompile>
    <ClCompile Include="..\..\QtClassClient\Reliable\Strategy\CDestroyStrategy.cpp">
      <Filter>Strategy</Filter>
    </ClCompile>
    <ClCompile Include="..\..\QtClassClient\Reliable\Strategy\CWriteFileStrategy.cpp">
      <Filter>Strategy</Filter>
    </ClCompile>
    <ClCompile Include="..\..\QtClassClient\Reliable\Zip\ioapi.c">
      <Filter>Zip</Filter>
    </ClCompile>
    <ClCompile Include="..\..\QtClassClient\Reliable\Zip\iowin32.c">
      <Filter>Zip</Filter>
    </ClCompile>
    <ClCompile Include="..\..\QtClassClient\Reliable\Zip\myzip.cpp">
      <Filter>Zip</Filter>
    </ClCompile>
    <ClCompile Include="..\..\QtClassClient\Reliable\Zip\unzip.c">
      <Filter>Zip</Filter>
    </ClCompile>
    <ClCompile Include="..\..\QtClassClient\Reliable\Zip\zip.c">
      <Filter>Zip</Filter>
    </ClCompile>
    <ClCompile Include="..\..\QtClassClient\Reliable\Strategy\CSettings.cpp">
      <Filter>Strategy</Filter>
    </ClCompile>
  </ItemGroup>
  <ItemGroup>
    <ClInclude Include="..\..\QtClassClient\Reliable\Connections\CAbsConnection.h">
      <Filter>Connections</Filter>
    </ClInclude>
    <ClInclude Include="..\..\QtClassClient\Reliable\Connections\CConnection.h">
      <Filter>Connections</Filter>
    </ClInclude>
    <ClInclude Include="..\..\QtClassClient\Reliable\Connections\CHubConnection.h">
      <Filter>Connections</Filter>
    </ClInclude>
    <ClInclude Include="..\..\QtClassClient\Reliable\Connections\CPeerConnection.h">
      <Filter>Connections</Filter>
    </ClInclude>
    <ClInclude Include="..\..\QtClassClient\Reliable\Connections\CReliableConnection.h">
      <Filter>Connections</Filter>
    </ClInclude>
    <ClInclude Include="..\..\QtClassClient\Reliable\Connections\CAbsSocket.h">
      <Filter>Socket</Filter>
    </ClInclude>
    <ClInclude Include="..\..\QtClassClient\Reliable\Connections\CSynSocket.h">
      <Filter>Socket</Filter>
    </ClInclude>
    <ClInclude Include="..\..\QtClassClient\Reliable\DataStructure\Pool.h">
      <Filter>DataStructure</Filter>
    </ClInclude>
    <ClInclude Include="..\..\QtClassClient\Reliable\DataStructure\TSQueue.h">
      <Filter>DataStructure</Filter>
    </ClInclude>
    <ClInclude Include="..\..\QtClassClient\Reliable\DataUnit\CBlock.h">
      <Filter>DataUnit</Filter>
    </ClInclude>
    <ClInclude Include="..\..\QtClassClient\Reliable\DataUnit\CBlockManager.h">
      <Filter>DataUnit</Filter>
    </ClInclude>
    <ClInclude Include="..\..\QtClassClient\Reliable\DataUnit\CMessage.h">
      <Filter>DataUnit</Filter>
    </ClInclude>
    <ClInclude Include="..\..\QtClassClient\Reliable\DataUnit\CPackage.h">
      <Filter>DataUnit</Filter>
    </ClInclude>
    <ClInclude Include="..\..\QtClassClient\Reliable\DataUnit\CPeerPacket.h">
      <Filter>DataUnit</Filter>
    </ClInclude>
    <ClInclude Include="..\..\QtClassClient\Reliable\DataUnit\UserBase.h">
      <Filter>DataUnit</Filter>
    </ClInclude>
    <ClInclude Include="..\..\QtClassClient\Reliable\OSInedependent\others.h">
      <Filter>OSIndependant</Filter>
    </ClInclude>
    <ClInclude Include="..\..\QtClassClient\Reliable\OSInedependent\libiop\iop_config.h">
      <Filter>OSIndependant</Filter>
    </ClInclude>
    <ClInclude Include="..\..\QtClassClient\Reliable\OSInedependent\libiop\iop_thread.h">
      <Filter>OSIndependant</Filter>
    </ClInclude>
    <ClInclude Include="..\..\QtClassClient\Reliable\OSInedependent\libiop\iop_util.h">
      <Filter>OSIndependant</Filter>
    </ClInclude>
    <ClInclude Include="..\..\QtClassClient\Reliable\Server\CAbsServer.h">
      <Filter>Server</Filter>
    </ClInclude>
    <ClInclude Include="..\..\QtClassClient\Reliable\Server\CAgentServer.h">
      <Filter>Server</Filter>
    </ClInclude>
    <ClInclude Include="..\..\QtClassClient\Reliable\Server\CServer.h">
      <Filter>Server</Filter>
    </ClInclude>
    <ClInclude Include="..\..\QtClassClient\Reliable\Server\CWSServer.h">
      <Filter>Server</Filter>
    </ClInclude>
    <ClInclude Include="..\..\QtClassClient\Reliable\Strategy\CAbsStrategy.h">
      <Filter>Strategy</Filter>
    </ClInclude>
    <ClInclude Include="..\..\QtClassClient\Reliable\Strategy\CDestroyStrategy.h">
      <Filter>Strategy</Filter>
    </ClInclude>
    <ClInclude Include="..\..\QtClassClient\Reliable\Strategy\CWriteFileStrategy.h">
      <Filter>Strategy</Filter>
    </ClInclude>
    <ClInclude Include="..\..\QtClassClient\Reliable\Zip\crypt.h">
      <Filter>Zip</Filter>
    </ClInclude>
    <ClInclude Include="..\..\QtClassClient\Reliable\Zip\ioapi.h">
      <Filter>Zip</Filter>
    </ClInclude>
    <ClInclude Include="..\..\QtClassClient\Reliable\Zip\iowin32.h">
      <Filter>Zip</Filter>
    </ClInclude>
    <ClInclude Include="..\..\QtClassClient\Reliable\Zip\myzip.h">
      <Filter>Zip</Filter>
    </ClInclude>
    <ClInclude Include="..\..\QtClassClient\Reliable\Zip\unzip.h">
      <Filter>Zip</Filter>
    </ClInclude>
    <ClInclude Include="..\..\QtClassClient\Reliable\Zip\zconf.h">
      <Filter>Zip</Filter>
    </ClInclude>
    <ClInclude Include="..\..\QtClassClient\Reliable\Zip\zip.h">
      <Filter>Zip</Filter>
    </ClInclude>
    <ClInclude Include="..\..\QtClassClient\Reliable\Zip\zlib.h">
      <Filter>Zip</Filter>
    </ClInclude>
    <ClInclude Include="..\..\QtClassClient\stdafx.h" />
    <ClInclude Include="..\..\QtClassClient\Reliable\Strategy\CSettings.h">
      <Filter>Strategy</Filter>
    </ClInclude>
  </ItemGroup>
  <ItemGroup>
    <Filter Include="Connections">
      <UniqueIdentifier>{1af18bb5-200c-43d4-8b9b-1f8f224f57ee}</UniqueIdentifier>
    </Filter>
    <Filter Include="Socket">
      <UniqueIdentifier>{7369d7e4-c22d-4b76-8988-0b7138889b18}</UniqueIdentifier>
    </Filter>
    <Filter Include="Server">
      <UniqueIdentifier>{b104f5ab-ffef-4282-8749-9a8ce1cbaace}</UniqueIdentifier>
    </Filter>
    <Filter Include="DataUnit">
      <UniqueIdentifier>{7cd2a3af-8727-4eae-a9c3-6490840e8672}</UniqueIdentifier>
    </Filter>
    <Filter Include="OSIndependant">
      <UniqueIdentifier>{7fd2f1f7-2b7a-49aa-a492-a342ff91d34e}</UniqueIdentifier>
    </Filter>
    <Filter Include="Zip">
      <UniqueIdentifier>{3dadf2bd-f603-4ef3-92db-91b80212b0b8}</UniqueIdentifier>
    </Filter>
    <Filter Include="DataStructure">
      <UniqueIdentifier>{da6b94f8-7d68-4812-b0b1-fde50594c0bb}</UniqueIdentifier>
    </Filter>
    <Filter Include="Strategy">
      <UniqueIdentifier>{002c3781-bda0-4fce-8723-b9b5f85c409e}</UniqueIdentifier>
    </Filter>
  </ItemGroup>
  <ItemGroup>
    <Library Include="..\..\QtClassClient\Reliable\Zip\zdll.lib">
      <Filter>Zip</Filter>
    </Library>
    <Library Include="..\..\QtClassClient\Reliable\Zip\zlib.lib">
      <Filter>Zip</Filter>
    </Library>
  </ItemGroup>
  <ItemGroup>
    <None Include="..\..\QtClassClient\Reliable\Zip\zlib1.dll">
      <Filter>Zip</Filter>
    </None>
  </ItemGroup>
</Project>