<?xml version="1.0" encoding="utf-8"?>
<Project ToolsVersion="4.0" xmlns="http://schemas.microsoft.com/developer/msbuild/2003">
  <ItemGroup>
    <Filter Include="资源文件">
      <UniqueIdentifier>{67DA6AB6-F800-4c08-8B7A-83BB121AAD01}</UniqueIdentifier>
      <Extensions>rc;ico;cur;bmp;dlg;rc2;rct;bin;rgs;gif;jpg;jpeg;jpe;resx;tiff;tif;png;wav;mfcribbon-ms</Extensions>
    </Filter>
    <Filter Include="Connections">
      <UniqueIdentifier>{a771cdcc-56fc-4c24-9c77-ef0b985b7ba2}</UniqueIdentifier>
    </Filter>
    <Filter Include="OSIndependent">
      <UniqueIdentifier>{4f57b786-dbb1-4dc9-8f81-ea5dec22ea82}</UniqueIdentifier>
    </Filter>
    <Filter Include="OSIndependent\libiop">
      <UniqueIdentifier>{072d9fe7-fb56-4383-a042-77fa681e5294}</UniqueIdentifier>
    </Filter>
    <Filter Include="DataUnit">
      <UniqueIdentifier>{23075c3a-df5f-40f3-9cbf-d2237fb4251e}</UniqueIdentifier>
    </Filter>
    <Filter Include="Server">
      <UniqueIdentifier>{e9c3d6ec-5349-4b40-a775-360701515e56}</UniqueIdentifier>
    </Filter>
    <Filter Include="OSIndependent\pthread">
      <UniqueIdentifier>{0ad25766-a4e8-4786-9fe5-34711a7449a2}</UniqueIdentifier>
    </Filter>
    <Filter Include="DataStructure">
      <UniqueIdentifier>{42fece45-7243-4c8f-a125-e6b65c6b8b70}</UniqueIdentifier>
    </Filter>
    <Filter Include="Zip">
      <UniqueIdentifier>{b76ba09c-914d-49ee-b12e-6e1a3750b8e9}</UniqueIdentifier>
    </Filter>
  </ItemGroup>
  <ItemGroup>
    <ClCompile Include="OSInedependent\libiop\iop_util.c">
      <Filter>OSIndependent\libiop</Filter>
    </ClCompile>
    <ClCompile Include="main.cpp" />
    <ClCompile Include="OSInedependent\libiop\iop_thread.c">
      <Filter>OSIndependent\libiop</Filter>
    </ClCompile>
    <ClCompile Include="OSInedependent\pthread\cleanup.c">
      <Filter>OSIndependent\pthread</Filter>
    </ClCompile>
    <ClCompile Include="OSInedependent\pthread\global.c">
      <Filter>OSIndependent\pthread</Filter>
    </ClCompile>
    <ClCompile Include="OSInedependent\pthread\pthread_cancel.c">
      <Filter>OSIndependent\pthread</Filter>
    </ClCompile>
    <ClCompile Include="OSInedependent\pthread\pthread_create.c">
      <Filter>OSIndependent\pthread</Filter>
    </ClCompile>
    <ClCompile Include="OSInedependent\pthread\pthread_detach.c">
      <Filter>OSIndependent\pthread</Filter>
    </ClCompile>
    <ClCompile Include="OSInedependent\pthread\pthread_equal.c">
      <Filter>OSIndependent\pthread</Filter>
    </ClCompile>
    <ClCompile Include="OSInedependent\pthread\pthread_getspecific.c">
      <Filter>OSIndependent\pthread</Filter>
    </ClCompile>
    <ClCompile Include="OSInedependent\pthread\pthread_key_create.c">
      <Filter>OSIndependent\pthread</Filter>
    </ClCompile>
    <ClCompile Include="OSInedependent\pthread\pthread_key_delete.c">
      <Filter>OSIndependent\pthread</Filter>
    </ClCompile>
    <ClCompile Include="OSInedependent\pthread\pthread_kill.c">
      <Filter>OSIndependent\pthread</Filter>
    </ClCompile>
    <ClCompile Include="OSInedependent\pthread\pthread_mutex_consistent.c">
      <Filter>OSIndependent\pthread</Filter>
    </ClCompile>
    <ClCompile Include="OSInedependent\pthread\pthread_mutex_destroy.c">
      <Filter>OSIndependent\pthread</Filter>
    </ClCompile>
    <ClCompile Include="OSInedependent\pthread\pthread_mutex_init.c">
      <Filter>OSIndependent\pthread</Filter>
    </ClCompile>
    <ClCompile Include="OSInedependent\pthread\pthread_mutex_lock.c">
      <Filter>OSIndependent\pthread</Filter>
    </ClCompile>
    <ClCompile Include="OSInedependent\pthread\pthread_mutex_trylock.c">
      <Filter>OSIndependent\pthread</Filter>
    </ClCompile>
    <ClCompile Include="OSInedependent\pthread\pthread_mutex_unlock.c">
      <Filter>OSIndependent\pthread</Filter>
    </ClCompile>
    <ClCompile Include="OSInedependent\pthread\pthread_mutexattr_destroy.c">
      <Filter>OSIndependent\pthread</Filter>
    </ClCompile>
    <ClCompile Include="OSInedependent\pthread\pthread_self.c">
      <Filter>OSIndependent\pthread</Filter>
    </ClCompile>
    <ClCompile Include="OSInedependent\pthread\pthread_setschedparam.c">
      <Filter>OSIndependent\pthread</Filter>
    </ClCompile>
    <ClCompile Include="OSInedependent\pthread\pthread_setspecific.c">
      <Filter>OSIndependent\pthread</Filter>
    </ClCompile>
    <ClCompile Include="OSInedependent\pthread\pthread_testcancel.c">
      <Filter>OSIndependent\pthread</Filter>
    </ClCompile>
    <ClCompile Include="OSInedependent\pthread\pthread_win32_attach_detach_np.c">
      <Filter>OSIndependent\pthread</Filter>
    </ClCompile>
    <ClCompile Include="OSInedependent\pthread\ptw32_callUserDestroyRoutines.c">
      <Filter>OSIndependent\pthread</Filter>
    </ClCompile>
    <ClCompile Include="OSInedependent\pthread\ptw32_new.c">
      <Filter>OSIndependent\pthread</Filter>
    </ClCompile>
    <ClCompile Include="OSInedependent\pthread\ptw32_processInitialize.c">
      <Filter>OSIndependent\pthread</Filter>
    </ClCompile>
    <ClCompile Include="OSInedependent\pthread\ptw32_processTerminate.c">
      <Filter>OSIndependent\pthread</Filter>
    </ClCompile>
    <ClCompile Include="OSInedependent\pthread\ptw32_reuse.c">
      <Filter>OSIndependent\pthread</Filter>
    </ClCompile>
    <ClCompile Include="OSInedependent\pthread\ptw32_threadDestroy.c">
      <Filter>OSIndependent\pthread</Filter>
    </ClCompile>
    <ClCompile Include="OSInedependent\pthread\ptw32_threadStart.c">
      <Filter>OSIndependent\pthread</Filter>
    </ClCompile>
    <ClCompile Include="OSInedependent\pthread\ptw32_throw.c">
      <Filter>OSIndependent\pthread</Filter>
    </ClCompile>
    <ClCompile Include="OSInedependent\pthread\ptw32_tkAssocCreate.c">
      <Filter>OSIndependent\pthread</Filter>
    </ClCompile>
    <ClCompile Include="OSInedependent\pthread\ptw32_tkAssocDestroy.c">
      <Filter>OSIndependent\pthread</Filter>
    </ClCompile>
    <ClCompile Include="OSInedependent\pthread\sched_get_priority_max.c">
      <Filter>OSIndependent\pthread</Filter>
    </ClCompile>
    <ClCompile Include="OSInedependent\pthread\sched_get_priority_min.c">
      <Filter>OSIndependent\pthread</Filter>
    </ClCompile>
    <ClCompile Include="OSInedependent\pthread\sched_yield.c">
      <Filter>OSIndependent\pthread</Filter>
    </ClCompile>
    <ClCompile Include="OSInedependent\pthread\sem_init.c">
      <Filter>OSIndependent\pthread</Filter>
    </ClCompile>
    <ClCompile Include="OSInedependent\pthread\sem_post.c">
      <Filter>OSIndependent\pthread</Filter>
    </ClCompile>
    <ClCompile Include="OSInedependent\pthread\sem_wait.c">
      <Filter>OSIndependent\pthread</Filter>
    </ClCompile>
    <ClCompile Include="OSInedependent\pthread\w32_CancelableWait.c">
      <Filter>OSIndependent\pthread</Filter>
    </ClCompile>
    <ClCompile Include="OSInedependent\others.cpp">
      <Filter>OSIndependent</Filter>
    </ClCompile>
    <ClCompile Include="OSInedependent\pthread\ptw32_MCS_lock.c">
      <Filter>OSIndependent\pthread</Filter>
    </ClCompile>
    <ClCompile Include="OSInedependent\pthread\ptw32_mutex_check_need_init.c">
      <Filter>OSIndependent\pthread</Filter>
    </ClCompile>
    <ClCompile Include="DataUnit\CBlock.cpp">
      <Filter>DataUnit</Filter>
    </ClCompile>
    <ClCompile Include="Connections\CAbsConnection.cpp">
      <Filter>Connections</Filter>
    </ClCompile>
    <ClCompile Include="Connections\CAbsSocket.cpp">
      <Filter>Connections</Filter>
    </ClCompile>
    <ClCompile Include="Connections\CConnection.cpp">
      <Filter>Connections</Filter>
    </ClCompile>
    <ClCompile Include="Connections\CHubConnection.cpp">
      <Filter>Connections</Filter>
    </ClCompile>
    <ClCompile Include="Connections\CPeerConnection.cpp">
      <Filter>Connections</Filter>
    </ClCompile>
    <ClCompile Include="Connections\CSynSocket.cpp">
      <Filter>Connections</Filter>
    </ClCompile>
    <ClCompile Include="DataUnit\CBlockManager.cpp">
      <Filter>DataUnit</Filter>
    </ClCompile>
    <ClCompile Include="Server\CWSServer.cpp">
      <Filter>Server</Filter>
    </ClCompile>
    <ClCompile Include="DataUnit\CPackage.cpp">
      <Filter>DataUnit</Filter>
    </ClCompile>
    <ClCompile Include="DataUnit\CMessage.cpp">
      <Filter>DataUnit</Filter>
    </ClCompile>
    <ClCompile Include="Server\CAbsServer.cpp">
      <Filter>Server</Filter>
    </ClCompile>
    <ClCompile Include="Server\CServer.cpp">
      <Filter>Server</Filter>
    </ClCompile>
    <ClCompile Include="Server\CAgentServer.cpp">
      <Filter>Server</Filter>
    </ClCompile>
    <ClCompile Include="Connections\CReliableConnection.cpp">
      <Filter>Connections</Filter>
    </ClCompile>
    <ClCompile Include="Zip\ioapi.c">
      <Filter>Zip</Filter>
    </ClCompile>
    <ClCompile Include="Zip\iowin32.c">
      <Filter>Zip</Filter>
    </ClCompile>
    <ClCompile Include="Zip\unzip.c">
      <Filter>Zip</Filter>
    </ClCompile>
    <ClCompile Include="Zip\zip.c">
      <Filter>Zip</Filter>
    </ClCompile>
    <ClCompile Include="OSInedependent\pthread\sem_destroy.c">
      <Filter>OSIndependent\pthread</Filter>
    </ClCompile>
    <ClCompile Include="Zip\myzip.cpp">
      <Filter>Zip</Filter>
    </ClCompile>
  </ItemGroup>
  <ItemGroup>
    <ClInclude Include="OSInedependent\libiop\iop_config.h">
      <Filter>OSIndependent\libiop</Filter>
    </ClInclude>
    <ClInclude Include="OSInedependent\libiop\iop_util.h">
      <Filter>OSIndependent\libiop</Filter>
    </ClInclude>
    <ClInclude Include="Stdafx.h" />
    <ClInclude Include="OSInedependent\libiop\iop_thread.h">
      <Filter>OSIndependent\libiop</Filter>
    </ClInclude>
    <ClInclude Include="OSInedependent\pthread\config.h">
      <Filter>OSIndependent\pthread</Filter>
    </ClInclude>
    <ClInclude Include="OSInedependent\pthread\pthread.h">
      <Filter>OSIndependent\pthread</Filter>
    </ClInclude>
    <ClInclude Include="OSInedependent\pthread\semaphore.h">
      <Filter>OSIndependent\pthread</Filter>
    </ClInclude>
    <ClInclude Include="DataStructure\TSQueue.h">
      <Filter>DataStructure</Filter>
    </ClInclude>
    <ClInclude Include="OSInedependent\pthread\sched.h">
      <Filter>OSIndependent\pthread</Filter>
    </ClInclude>
    <ClInclude Include="OSInedependent\others.h">
      <Filter>OSIndependent</Filter>
    </ClInclude>
    <ClInclude Include="OSInedependent\pthread\implement.h">
      <Filter>OSIndependent\pthread</Filter>
    </ClInclude>
    <ClInclude Include="OSInedependent\pthread\context.h">
      <Filter>OSIndependent\pthread</Filter>
    </ClInclude>
    <ClInclude Include="DataStructure\Pool.h">
      <Filter>DataStructure</Filter>
    </ClInclude>
    <ClInclude Include="DataUnit\CBlock.h">
      <Filter>DataUnit</Filter>
    </ClInclude>
    <ClInclude Include="Connections\CAbsConnection.h">
      <Filter>Connections</Filter>
    </ClInclude>
    <ClInclude Include="Connections\CAbsSocket.h">
      <Filter>Connections</Filter>
    </ClInclude>
    <ClInclude Include="Connections\CConnection.h">
      <Filter>Connections</Filter>
    </ClInclude>
    <ClInclude Include="Connections\CHubConnection.h">
      <Filter>Connections</Filter>
    </ClInclude>
    <ClInclude Include="Connections\CPeerConnection.h">
      <Filter>Connections</Filter>
    </ClInclude>
    <ClInclude Include="Connections\CSynSocket.h">
      <Filter>Connections</Filter>
    </ClInclude>
    <ClInclude Include="DataUnit\CBlockManager.h">
      <Filter>DataUnit</Filter>
    </ClInclude>
    <ClInclude Include="DataUnit\CMessage.h">
      <Filter>DataUnit</Filter>
    </ClInclude>
    <ClInclude Include="Server\CWSServer.h">
      <Filter>Server</Filter>
    </ClInclude>
    <ClInclude Include="DataUnit\CPackage.h">
      <Filter>DataUnit</Filter>
    </ClInclude>
    <ClInclude Include="Server\CAbsServer.h">
      <Filter>Server</Filter>
    </ClInclude>
    <ClInclude Include="Server\CServer.h">
      <Filter>Server</Filter>
    </ClInclude>
    <ClInclude Include="Server\CAgentServer.h">
      <Filter>Server</Filter>
    </ClInclude>
    <ClInclude Include="DataUnit\UserBase.h">
      <Filter>DataUnit</Filter>
    </ClInclude>
    <ClInclude Include="Connections\CReliableConnection.h">
      <Filter>Connections</Filter>
    </ClInclude>
    <ClInclude Include="Zip\crypt.h">
      <Filter>Zip</Filter>
    </ClInclude>
    <ClInclude Include="Zip\ioapi.h">
      <Filter>Zip</Filter>
    </ClInclude>
    <ClInclude Include="Zip\iowin32.h">
      <Filter>Zip</Filter>
    </ClInclude>
    <ClInclude Include="Zip\myzip.h">
      <Filter>Zip</Filter>
    </ClInclude>
    <ClInclude Include="Zip\unzip.h">
      <Filter>Zip</Filter>
    </ClInclude>
    <ClInclude Include="Zip\zconf.h">
      <Filter>Zip</Filter>
    </ClInclude>
    <ClInclude Include="Zip\zip.h">
      <Filter>Zip</Filter>
    </ClInclude>
    <ClInclude Include="Zip\zlib.h">
      <Filter>Zip</Filter>
    </ClInclude>
  </ItemGroup>
</Project>