<?xml version="1.0" encoding="utf-8"?>
<Project ToolsVersion="4.0" xmlns="http://schemas.microsoft.com/developer/msbuild/2003">
  <ItemGroup>
    <Filter Include="Tester">
      <UniqueIdentifier>{6407410a-0633-4f46-88b2-6275b75d4aa9}</UniqueIdentifier>
    </Filter>
    <Filter Include="Unit">
      <UniqueIdentifier>{1b8b610e-8fb4-406b-862a-24b370c388a8}</UniqueIdentifier>
    </Filter>
    <Filter Include="SourceCode">
      <UniqueIdentifier>{0b2b57c1-dc6b-49d8-a5f3-fa6d76038361}</UniqueIdentifier>
    </Filter>
  </ItemGroup>
  <ItemGroup>
    <ClCompile Include="Assert.cpp">
      <Filter>Tester</Filter>
    </ClCompile>
    <ClCompile Include="TestCPackage.cpp">
      <Filter>Unit</Filter>
    </ClCompile>
    <ClCompile Include="main.cpp" />
    <ClCompile Include="TestCBlock.cpp">
      <Filter>Unit</Filter>
    </ClCompile>
    <ClCompile Include="common.cpp">
      <Filter>Unit</Filter>
    </ClCompile>
    <ClCompile Include="TestCBlockManager.cpp">
      <Filter>Unit</Filter>
    </ClCompile>
    <ClCompile Include="TestQueue.cpp">
      <Filter>Unit</Filter>
    </ClCompile>
    <ClCompile Include="TestConnection.cpp">
      <Filter>Unit</Filter>
    </ClCompile>
    <ClCompile Include="..\..\QtClassClient\BizLogic\CBaseLogic.cpp">
      <Filter>SourceCode</Filter>
    </ClCompile>
    <ClCompile Include="..\..\QtClassClient\BizLogic\CBusinessLogic.cpp">
      <Filter>SourceCode</Filter>
    </ClCompile>
    <ClCompile Include="..\..\QtClassClient\BizLogic\CGraphicLogic.cpp">
      <Filter>SourceCode</Filter>
    </ClCompile>
    <ClCompile Include="..\..\QtClassClient\BizLogic\CUserLogic.cpp">
      <Filter>SourceCode</Filter>
    </ClCompile>
    <ClCompile Include="..\..\QtClassClient\LayerUI\cgraphicmsgcreator.cpp">
      <Filter>SourceCode</Filter>
    </ClCompile>
    <ClCompile Include="..\..\QtClassClient\LayerUI\colorcombox.cpp">
      <Filter>SourceCode</Filter>
    </ClCompile>
    <ClCompile Include="..\..\QtClassClient\LayerUI\IpAddressWidget.cpp">
      <Filter>SourceCode</Filter>
    </ClCompile>
    <ClCompile Include="..\..\QtClassClient\LayerUI\linewidthcombox.cpp">
      <Filter>SourceCode</Filter>
    </ClCompile>
    <ClCompile Include="..\..\QtClassClient\LayerUI\mainwindow.cpp">
      <Filter>SourceCode</Filter>
    </ClCompile>
    <ClCompile Include="..\..\QtClassClient\LayerUI\myscene.cpp">
      <Filter>SourceCode</Filter>
    </ClCompile>
    <ClCompile Include="..\..\QtClassClient\LayerUI\myview.cpp">
      <Filter>SourceCode</Filter>
    </ClCompile>
    <ClCompile Include="..\..\QtClassClient\LayerUI\qeclass.cpp">
      <Filter>SourceCode</Filter>
    </ClCompile>
    <ClCompile Include="..\..\QtClassClient\Message\CModuleAgent.cpp">
      <Filter>SourceCode</Filter>
    </ClCompile>
    <ClCompile Include="..\..\QtClassClient\Message\CMsgObject.cpp">
      <Filter>SourceCode</Filter>
    </ClCompile>
    <ClCompile Include="..\..\QtClassClient\Message\CMsgReceiver.cpp">
      <Filter>SourceCode</Filter>
    </ClCompile>
    <ClCompile Include="..\..\QtClassClient\Message\CMsgSender.cpp">
      <Filter>SourceCode</Filter>
    </ClCompile>
    <ClCompile Include="..\..\QtClassClient\Net\CClientNet.cpp">
      <Filter>SourceCode</Filter>
    </ClCompile>
    <ClCompile Include="..\..\QtClassClient\Reliable\Connections\CAbsConnection.cpp">
      <Filter>SourceCode</Filter>
    </ClCompile>
    <ClCompile Include="..\..\QtClassClient\Reliable\Connections\CAbsSocket.cpp">
      <Filter>SourceCode</Filter>
    </ClCompile>
    <ClCompile Include="..\..\QtClassClient\Reliable\Connections\CConnection.cpp">
      <Filter>SourceCode</Filter>
    </ClCompile>
    <ClCompile Include="..\..\QtClassClient\Reliable\Connections\CHubConnection.cpp">
      <Filter>SourceCode</Filter>
    </ClCompile>
    <ClCompile Include="..\..\QtClassClient\Reliable\Connections\CPeerConnection.cpp">
      <Filter>SourceCode</Filter>
    </ClCompile>
    <ClCompile Include="..\..\QtClassClient\Reliable\Connections\CReliableConnection.cpp">
      <Filter>SourceCode</Filter>
    </ClCompile>
    <ClCompile Include="..\..\QtClassClient\Reliable\Connections\CSynSocket.cpp">
      <Filter>SourceCode</Filter>
    </ClCompile>
    <ClCompile Include="..\..\QtClassClient\Reliable\DataUnit\CBlock.cpp">
      <Filter>SourceCode</Filter>
    </ClCompile>
    <ClCompile Include="..\..\QtClassClient\Reliable\DataUnit\CBlockManager.cpp">
      <Filter>SourceCode</Filter>
    </ClCompile>
    <ClCompile Include="..\..\QtClassClient\Reliable\DataUnit\CMessage.cpp">
      <Filter>SourceCode</Filter>
    </ClCompile>
    <ClCompile Include="..\..\QtClassClient\Reliable\DataUnit\CPackage.cpp">
      <Filter>SourceCode</Filter>
    </ClCompile>
    <ClCompile Include="..\..\QtClassClient\Reliable\OSInedependent\others.cpp">
      <Filter>SourceCode</Filter>
    </ClCompile>
    <ClCompile Include="..\..\QtClassClient\Reliable\OSInedependent\libiop\iop_thread.c">
      <Filter>SourceCode</Filter>
    </ClCompile>
    <ClCompile Include="..\..\QtClassClient\Reliable\OSInedependent\libiop\iop_util.c">
      <Filter>SourceCode</Filter>
    </ClCompile>
    <ClCompile Include="..\..\QtClassClient\Reliable\OSInedependent\pthread\cleanup.c">
      <Filter>SourceCode</Filter>
    </ClCompile>
    <ClCompile Include="..\..\QtClassClient\Reliable\OSInedependent\pthread\global.c">
      <Filter>SourceCode</Filter>
    </ClCompile>
    <ClCompile Include="..\..\QtClassClient\Reliable\OSInedependent\pthread\pthread_cancel.c">
      <Filter>SourceCode</Filter>
    </ClCompile>
    <ClCompile Include="..\..\QtClassClient\Reliable\OSInedependent\pthread\pthread_create.c">
      <Filter>SourceCode</Filter>
    </ClCompile>
    <ClCompile Include="..\..\QtClassClient\Reliable\OSInedependent\pthread\pthread_detach.c">
      <Filter>SourceCode</Filter>
    </ClCompile>
    <ClCompile Include="..\..\QtClassClient\Reliable\OSInedependent\pthread\pthread_equal.c">
      <Filter>SourceCode</Filter>
    </ClCompile>
    <ClCompile Include="..\..\QtClassClient\Reliable\OSInedependent\pthread\pthread_getspecific.c">
      <Filter>SourceCode</Filter>
    </ClCompile>
    <ClCompile Include="..\..\QtClassClient\Reliable\OSInedependent\pthread\pthread_key_create.c">
      <Filter>SourceCode</Filter>
    </ClCompile>
    <ClCompile Include="..\..\QtClassClient\Reliable\OSInedependent\pthread\pthread_key_delete.c">
      <Filter>SourceCode</Filter>
    </ClCompile>
    <ClCompile Include="..\..\QtClassClient\Reliable\OSInedependent\pthread\pthread_kill.c">
      <Filter>SourceCode</Filter>
    </ClCompile>
    <ClCompile Include="..\..\QtClassClient\Reliable\OSInedependent\pthread\pthread_mutex_consistent.c">
      <Filter>SourceCode</Filter>
    </ClCompile>
    <ClCompile Include="..\..\QtClassClient\Reliable\OSInedependent\pthread\pthread_mutex_destroy.c">
      <Filter>SourceCode</Filter>
    </ClCompile>
    <ClCompile Include="..\..\QtClassClient\Reliable\OSInedependent\pthread\pthread_mutex_init.c">
      <Filter>SourceCode</Filter>
    </ClCompile>
    <ClCompile Include="..\..\QtClassClient\Reliable\OSInedependent\pthread\pthread_mutex_lock.c">
      <Filter>SourceCode</Filter>
    </ClCompile>
    <ClCompile Include="..\..\QtClassClient\Reliable\OSInedependent\pthread\pthread_mutex_trylock.c">
      <Filter>SourceCode</Filter>
    </ClCompile>
    <ClCompile Include="..\..\QtClassClient\Reliable\OSInedependent\pthread\pthread_mutex_unlock.c">
      <Filter>SourceCode</Filter>
    </ClCompile>
    <ClCompile Include="..\..\QtClassClient\Reliable\OSInedependent\pthread\pthread_mutexattr_destroy.c">
      <Filter>SourceCode</Filter>
    </ClCompile>
    <ClCompile Include="..\..\QtClassClient\Reliable\OSInedependent\pthread\pthread_self.c">
      <Filter>SourceCode</Filter>
    </ClCompile>
    <ClCompile Include="..\..\QtClassClient\Reliable\OSInedependent\pthread\pthread_setschedparam.c">
      <Filter>SourceCode</Filter>
    </ClCompile>
    <ClCompile Include="..\..\QtClassClient\Reliable\OSInedependent\pthread\pthread_setspecific.c">
      <Filter>SourceCode</Filter>
    </ClCompile>
    <ClCompile Include="..\..\QtClassClient\Reliable\OSInedependent\pthread\pthread_testcancel.c">
      <Filter>SourceCode</Filter>
    </ClCompile>
    <ClCompile Include="..\..\QtClassClient\Reliable\OSInedependent\pthread\pthread_win32_attach_detach_np.c">
      <Filter>SourceCode</Filter>
    </ClCompile>
    <ClCompile Include="..\..\QtClassClient\Reliable\OSInedependent\pthread\ptw32_callUserDestroyRoutines.c">
      <Filter>SourceCode</Filter>
    </ClCompile>
    <ClCompile Include="..\..\QtClassClient\Reliable\OSInedependent\pthread\ptw32_MCS_lock.c">
      <Filter>SourceCode</Filter>
    </ClCompile>
    <ClCompile Include="..\..\QtClassClient\Reliable\OSInedependent\pthread\ptw32_mutex_check_need_init.c">
      <Filter>SourceCode</Filter>
    </ClCompile>
    <ClCompile Include="..\..\QtClassClient\Reliable\OSInedependent\pthread\ptw32_new.c">
      <Filter>SourceCode</Filter>
    </ClCompile>
    <ClCompile Include="..\..\QtClassClient\Reliable\OSInedependent\pthread\ptw32_processInitialize.c">
      <Filter>SourceCode</Filter>
    </ClCompile>
    <ClCompile Include="..\..\QtClassClient\Reliable\OSInedependent\pthread\ptw32_processTerminate.c">
      <Filter>SourceCode</Filter>
    </ClCompile>
    <ClCompile Include="..\..\QtClassClient\Reliable\OSInedependent\pthread\ptw32_reuse.c">
      <Filter>SourceCode</Filter>
    </ClCompile>
    <ClCompile Include="..\..\QtClassClient\Reliable\OSInedependent\pthread\ptw32_threadDestroy.c">
      <Filter>SourceCode</Filter>
    </ClCompile>
    <ClCompile Include="..\..\QtClassClient\Reliable\OSInedependent\pthread\ptw32_threadStart.c">
      <Filter>SourceCode</Filter>
    </ClCompile>
    <ClCompile Include="..\..\QtClassClient\Reliable\OSInedependent\pthread\ptw32_throw.c">
      <Filter>SourceCode</Filter>
    </ClCompile>
    <ClCompile Include="..\..\QtClassClient\Reliable\OSInedependent\pthread\ptw32_tkAssocCreate.c">
      <Filter>SourceCode</Filter>
    </ClCompile>
    <ClCompile Include="..\..\QtClassClient\Reliable\OSInedependent\pthread\ptw32_tkAssocDestroy.c">
      <Filter>SourceCode</Filter>
    </ClCompile>
    <ClCompile Include="..\..\QtClassClient\Reliable\OSInedependent\pthread\sched_get_priority_max.c">
      <Filter>SourceCode</Filter>
    </ClCompile>
    <ClCompile Include="..\..\QtClassClient\Reliable\OSInedependent\pthread\sched_get_priority_min.c">
      <Filter>SourceCode</Filter>
    </ClCompile>
    <ClCompile Include="..\..\QtClassClient\Reliable\OSInedependent\pthread\sched_yield.c">
      <Filter>SourceCode</Filter>
    </ClCompile>
    <ClCompile Include="..\..\QtClassClient\Reliable\OSInedependent\pthread\sem_destroy.c">
      <Filter>SourceCode</Filter>
    </ClCompile>
    <ClCompile Include="..\..\QtClassClient\Reliable\OSInedependent\pthread\sem_init.c">
      <Filter>SourceCode</Filter>
    </ClCompile>
    <ClCompile Include="..\..\QtClassClient\Reliable\OSInedependent\pthread\sem_post.c">
      <Filter>SourceCode</Filter>
    </ClCompile>
    <ClCompile Include="..\..\QtClassClient\Reliable\OSInedependent\pthread\sem_wait.c">
      <Filter>SourceCode</Filter>
    </ClCompile>
    <ClCompile Include="..\..\QtClassClient\Reliable\OSInedependent\pthread\w32_CancelableWait.c">
      <Filter>SourceCode</Filter>
    </ClCompile>
    <ClCompile Include="..\..\QtClassClient\Reliable\Server\CAbsServer.cpp">
      <Filter>SourceCode</Filter>
    </ClCompile>
    <ClCompile Include="..\..\QtClassClient\Reliable\Server\CAgentServer.cpp">
      <Filter>SourceCode</Filter>
    </ClCompile>
    <ClCompile Include="..\..\QtClassClient\Reliable\Server\CServer.cpp">
      <Filter>SourceCode</Filter>
    </ClCompile>
    <ClCompile Include="..\..\QtClassClient\Reliable\Server\CWSServer.cpp">
      <Filter>SourceCode</Filter>
    </ClCompile>
    <ClCompile Include="..\..\QtClassClient\Reliable\Strategy\CAbsStrategy.cpp">
      <Filter>SourceCode</Filter>
    </ClCompile>
    <ClCompile Include="..\..\QtClassClient\Reliable\Strategy\CDestroyStrategy.cpp">
      <Filter>SourceCode</Filter>
    </ClCompile>
    <ClCompile Include="..\..\QtClassClient\Reliable\Strategy\CWriteFileStrategy.cpp">
      <Filter>SourceCode</Filter>
    </ClCompile>
    <ClCompile Include="..\..\QtClassClient\Reliable\Zip\ioapi.c">
      <Filter>SourceCode</Filter>
    </ClCompile>
    <ClCompile Include="..\..\QtClassClient\Reliable\Zip\iowin32.c">
      <Filter>SourceCode</Filter>
    </ClCompile>
    <ClCompile Include="..\..\QtClassClient\Reliable\Zip\myzip.cpp">
      <Filter>SourceCode</Filter>
    </ClCompile>
    <ClCompile Include="..\..\QtClassClient\Reliable\Zip\unzip.c">
      <Filter>SourceCode</Filter>
    </ClCompile>
    <ClCompile Include="..\..\QtClassClient\Reliable\Zip\zip.c">
      <Filter>SourceCode</Filter>
    </ClCompile>
  </ItemGroup>
  <ItemGroup>
    <ClInclude Include="Assert.h">
      <Filter>Tester</Filter>
    </ClInclude>
    <ClInclude Include="common.h">
      <Filter>Unit</Filter>
    </ClInclude>
    <ClInclude Include="..\..\QtClassClient\BizLogic\CBaseLogic.h">
      <Filter>SourceCode</Filter>
    </ClInclude>
    <ClInclude Include="..\..\QtClassClient\BizLogic\CBusinessLogic.h">
      <Filter>SourceCode</Filter>
    </ClInclude>
    <ClInclude Include="..\..\QtClassClient\BizLogic\CGraphicLogic.h">
      <Filter>SourceCode</Filter>
    </ClInclude>
    <ClInclude Include="..\..\QtClassClient\BizLogic\CUserLogic.h">
      <Filter>SourceCode</Filter>
    </ClInclude>
    <ClInclude Include="..\..\QtClassClient\LayerUI\cgraphicmsgcreator.h">
      <Filter>SourceCode</Filter>
    </ClInclude>
    <ClInclude Include="..\..\QtClassClient\LayerUI\colorcombox.h">
      <Filter>SourceCode</Filter>
    </ClInclude>
    <ClInclude Include="..\..\QtClassClient\LayerUI\IpAddressWidget.h">
      <Filter>SourceCode</Filter>
    </ClInclude>
    <ClInclude Include="..\..\QtClassClient\LayerUI\linewidthcombox.h">
      <Filter>SourceCode</Filter>
    </ClInclude>
    <ClInclude Include="..\..\QtClassClient\LayerUI\mainwindow.h">
      <Filter>SourceCode</Filter>
    </ClInclude>
    <ClInclude Include="..\..\QtClassClient\LayerUI\myscene.h">
      <Filter>SourceCode</Filter>
    </ClInclude>
    <ClInclude Include="..\..\QtClassClient\LayerUI\myview.h">
      <Filter>SourceCode</Filter>
    </ClInclude>
    <ClInclude Include="..\..\QtClassClient\LayerUI\qeclass.h">
      <Filter>SourceCode</Filter>
    </ClInclude>
    <ClInclude Include="..\..\QtClassClient\Message\CModuleAgent.h">
      <Filter>SourceCode</Filter>
    </ClInclude>
    <ClInclude Include="..\..\QtClassClient\Message\CMsgObject.h">
      <Filter>SourceCode</Filter>
    </ClInclude>
    <ClInclude Include="..\..\QtClassClient\Message\CMsgReceiver.h">
      <Filter>SourceCode</Filter>
    </ClInclude>
    <ClInclude Include="..\..\QtClassClient\Message\CMsgSender.h">
      <Filter>SourceCode</Filter>
    </ClInclude>
    <ClInclude Include="..\..\QtClassClient\Net\CClientNet.h">
      <Filter>SourceCode</Filter>
    </ClInclude>
    <ClInclude Include="..\..\QtClassClient\Reliable\Connections\CAbsConnection.h">
      <Filter>SourceCode</Filter>
    </ClInclude>
    <ClInclude Include="..\..\QtClassClient\Reliable\Connections\CAbsSocket.h">
      <Filter>SourceCode</Filter>
    </ClInclude>
    <ClInclude Include="..\..\QtClassClient\Reliable\Connections\CConnection.h">
      <Filter>SourceCode</Filter>
    </ClInclude>
    <ClInclude Include="..\..\QtClassClient\Reliable\Connections\CHubConnection.h">
      <Filter>SourceCode</Filter>
    </ClInclude>
    <ClInclude Include="..\..\QtClassClient\Reliable\Connections\CPeerConnection.h">
      <Filter>SourceCode</Filter>
    </ClInclude>
    <ClInclude Include="..\..\QtClassClient\Reliable\Connections\CReliableConnection.h">
      <Filter>SourceCode</Filter>
    </ClInclude>
    <ClInclude Include="..\..\QtClassClient\Reliable\Connections\CSynSocket.h">
      <Filter>SourceCode</Filter>
    </ClInclude>
    <ClInclude Include="..\..\QtClassClient\Reliable\DataStructure\Pool.h">
      <Filter>SourceCode</Filter>
    </ClInclude>
    <ClInclude Include="..\..\QtClassClient\Reliable\DataStructure\TSQueue.h">
      <Filter>SourceCode</Filter>
    </ClInclude>
    <ClInclude Include="..\..\QtClassClient\Reliable\DataUnit\CBlock.h">
      <Filter>SourceCode</Filter>
    </ClInclude>
    <ClInclude Include="..\..\QtClassClient\Reliable\DataUnit\CBlockManager.h">
      <Filter>SourceCode</Filter>
    </ClInclude>
    <ClInclude Include="..\..\QtClassClient\Reliable\DataUnit\CMessage.h">
      <Filter>SourceCode</Filter>
    </ClInclude>
    <ClInclude Include="..\..\QtClassClient\Reliable\DataUnit\CPackage.h">
      <Filter>SourceCode</Filter>
    </ClInclude>
    <ClInclude Include="..\..\QtClassClient\Reliable\DataUnit\CPeerPacket.h">
      <Filter>SourceCode</Filter>
    </ClInclude>
    <ClInclude Include="..\..\QtClassClient\Reliable\DataUnit\UserBase.h">
      <Filter>SourceCode</Filter>
    </ClInclude>
    <ClInclude Include="..\..\QtClassClient\Reliable\OSInedependent\others.h">
      <Filter>SourceCode</Filter>
    </ClInclude>
    <ClInclude Include="..\..\QtClassClient\Reliable\OSInedependent\libiop\iop_config.h">
      <Filter>SourceCode</Filter>
    </ClInclude>
    <ClInclude Include="..\..\QtClassClient\Reliable\OSInedependent\libiop\iop_thread.h">
      <Filter>SourceCode</Filter>
    </ClInclude>
    <ClInclude Include="..\..\QtClassClient\Reliable\OSInedependent\libiop\iop_util.h">
      <Filter>SourceCode</Filter>
    </ClInclude>
    <ClInclude Include="..\..\QtClassClient\Reliable\OSInedependent\pthread\config.h">
      <Filter>SourceCode</Filter>
    </ClInclude>
    <ClInclude Include="..\..\QtClassClient\Reliable\OSInedependent\pthread\context.h">
      <Filter>SourceCode</Filter>
    </ClInclude>
    <ClInclude Include="..\..\QtClassClient\Reliable\OSInedependent\pthread\implement.h">
      <Filter>SourceCode</Filter>
    </ClInclude>
    <ClInclude Include="..\..\QtClassClient\Reliable\OSInedependent\pthread\pthread.h">
      <Filter>SourceCode</Filter>
    </ClInclude>
    <ClInclude Include="..\..\QtClassClient\Reliable\OSInedependent\pthread\sched.h">
      <Filter>SourceCode</Filter>
    </ClInclude>
    <ClInclude Include="..\..\QtClassClient\Reliable\OSInedependent\pthread\semaphore.h">
      <Filter>SourceCode</Filter>
    </ClInclude>
    <ClInclude Include="..\..\QtClassClient\Reliable\Server\CAbsServer.h">
      <Filter>SourceCode</Filter>
    </ClInclude>
    <ClInclude Include="..\..\QtClassClient\Reliable\Server\CAgentServer.h">
      <Filter>SourceCode</Filter>
    </ClInclude>
    <ClInclude Include="..\..\QtClassClient\Reliable\Server\CServer.h">
      <Filter>SourceCode</Filter>
    </ClInclude>
    <ClInclude Include="..\..\QtClassClient\Reliable\Server\CWSServer.h">
      <Filter>SourceCode</Filter>
    </ClInclude>
    <ClInclude Include="..\..\QtClassClient\Reliable\Strategy\CAbsStrategy.h">
      <Filter>SourceCode</Filter>
    </ClInclude>
    <ClInclude Include="..\..\QtClassClient\Reliable\Strategy\CDestroyStrategy.h">
      <Filter>SourceCode</Filter>
    </ClInclude>
    <ClInclude Include="..\..\QtClassClient\Reliable\Strategy\CWriteFileStrategy.h">
      <Filter>SourceCode</Filter>
    </ClInclude>
    <ClInclude Include="..\..\QtClassClient\Reliable\Zip\crypt.h">
      <Filter>SourceCode</Filter>
    </ClInclude>
    <ClInclude Include="..\..\QtClassClient\Reliable\Zip\ioapi.h">
      <Filter>SourceCode</Filter>
    </ClInclude>
    <ClInclude Include="..\..\QtClassClient\Reliable\Zip\iowin32.h">
      <Filter>SourceCode</Filter>
    </ClInclude>
    <ClInclude Include="..\..\QtClassClient\Reliable\Zip\myzip.h">
      <Filter>SourceCode</Filter>
    </ClInclude>
    <ClInclude Include="..\..\QtClassClient\Reliable\Zip\unzip.h">
      <Filter>SourceCode</Filter>
    </ClInclude>
    <ClInclude Include="..\..\QtClassClient\Reliable\Zip\zconf.h">
      <Filter>SourceCode</Filter>
    </ClInclude>
    <ClInclude Include="..\..\QtClassClient\Reliable\Zip\zip.h">
      <Filter>SourceCode</Filter>
    </ClInclude>
    <ClInclude Include="..\..\QtClassClient\Reliable\Zip\zlib.h">
      <Filter>SourceCode</Filter>
    </ClInclude>
  </ItemGroup>
  <ItemGroup>
    <Library Include="..\..\QtClassClient\Reliable\Zip\zdll.lib">
      <Filter>SourceCode</Filter>
    </Library>
    <Library Include="..\..\QtClassClient\Reliable\Zip\zlib.lib">
      <Filter>SourceCode</Filter>
    </Library>
  </ItemGroup>
  <ItemGroup>
    <None Include="..\..\QtClassClient\Reliable\Zip\zlib1.dll">
      <Filter>SourceCode</Filter>
    </None>
  </ItemGroup>
</Project>