<?xml version="1.0" encoding="utf-8"?>
<Project ToolsVersion="4.0" xmlns="http://schemas.microsoft.com/developer/msbuild/2003">
  <ItemGroup>
    <Filter Include="Form Files">
      <UniqueIdentifier>{99349809-55BA-4b9d-BF79-8FDBB0286EB3}</UniqueIdentifier>
      <Extensions>ui</Extensions>
      <ParseFiles>false</ParseFiles>
    </Filter>
    <Filter Include="Form Files">
      <UniqueIdentifier>{99349809-55BA-4b9d-BF79-8FDBB0286EB3}</UniqueIdentifier>
      <Extensions>ui</Extensions>
      <ParseFiles>false</ParseFiles>
    </Filter>
    <Filter Include="Generated Files">
      <UniqueIdentifier>{71ED8ED8-ACB9-4CE9-BBE1-E00B30144E11}</UniqueIdentifier>
      <Extensions>cpp;c;cxx;moc;h;def;odl;idl;res;</Extensions>
    </Filter>
    <Filter Include="Generated Files">
      <UniqueIdentifier>{71ED8ED8-ACB9-4CE9-BBE1-E00B30144E11}</UniqueIdentifier>
      <Extensions>cpp;c;cxx;moc;h;def;odl;idl;res;</Extensions>
    </Filter>
    <Filter Include="Header Files">
      <UniqueIdentifier>{93995380-89BD-4b04-88EB-625FBE52EBFB}</UniqueIdentifier>
      <Extensions>h;hpp;hxx;hm;inl;inc;xsd</Extensions>
    </Filter>
    <Filter Include="Header Files">
      <UniqueIdentifier>{93995380-89BD-4b04-88EB-625FBE52EBFB}</UniqueIdentifier>
      <Extensions>h;hpp;hxx;hm;inl;inc;xsd</Extensions>
    </Filter>
    <Filter Include="Resource Files">
      <UniqueIdentifier>{D9D6E242-F8AF-46E4-B9FD-80ECBC20BA3E}</UniqueIdentifier>
      <Extensions>qrc;*</Extensions>
      <ParseFiles>false</ParseFiles>
    </Filter>
    <Filter Include="Resource Files">
      <UniqueIdentifier>{D9D6E242-F8AF-46E4-B9FD-80ECBC20BA3E}</UniqueIdentifier>
      <Extensions>qrc;*</Extensions>
      <ParseFiles>false</ParseFiles>
    </Filter>
    <Filter Include="Source Files">
      <UniqueIdentifier>{4FC737F1-C7A5-4376-A066-2A32D752A2FF}</UniqueIdentifier>
      <Extensions>cpp;c;cxx;def;odl;idl;hpj;bat;asm;asmx</Extensions>
    </Filter>
    <Filter Include="Source Files">
      <UniqueIdentifier>{4FC737F1-C7A5-4376-A066-2A32D752A2FF}</UniqueIdentifier>
      <Extensions>cpp;c;cxx;def;odl;idl;hpj;bat;asm;asmx</Extensions>
    </Filter>
    <Filter Include="Generated Files\Debug">
      <UniqueIdentifier>{28051c07-ac3d-4a72-975e-53baafba3325}</UniqueIdentifier>
      <Extensions>cpp;moc</Extensions>
      <SourceControlFiles>False</SourceControlFiles>
    </Filter>
    <Filter Include="Generated Files\Release">
      <UniqueIdentifier>{495de5ca-a22f-4089-9438-986c4e5cd305}</UniqueIdentifier>
      <Extensions>cpp;moc</Extensions>
      <SourceControlFiles>False</SourceControlFiles>
    </Filter>
  </ItemGroup>
  <ItemGroup>
    <ClCompile Include="Reliable\Connections\CAbsConnection.cpp">
      <Filter>Source Files</Filter>
    </ClCompile>
    <ClCompile Include="Reliable\Server\CAbsServer.cpp">
      <Filter>Source Files</Filter>
    </ClCompile>
    <ClCompile Include="Reliable\Connections\CAbsSocket.cpp">
      <Filter>Source Files</Filter>
    </ClCompile>
    <ClCompile Include="Reliable\Strategy\CAbsStrategy.cpp">
      <Filter>Source Files</Filter>
    </ClCompile>
    <ClCompile Include="Reliable\Server\CAgentServer.cpp">
      <Filter>Source Files</Filter>
    </ClCompile>
    <ClCompile Include="BizLogic\CBaseLogic.cpp">
      <Filter>Source Files</Filter>
    </ClCompile>
    <ClCompile Include="Reliable\DataUnit\CBlock.cpp">
      <Filter>Source Files</Filter>
    </ClCompile>
    <ClCompile Include="Reliable\DataUnit\CBlockManager.cpp">
      <Filter>Source Files</Filter>
    </ClCompile>
    <ClCompile Include="BizLogic\CBusinessLogic.cpp">
      <Filter>Source Files</Filter>
    </ClCompile>
    <ClCompile Include="Net\CClientNet.cpp">
      <Filter>Source Files</Filter>
    </ClCompile>
    <ClCompile Include="Reliable\Connections\CConnection.cpp">
      <Filter>Source Files</Filter>
    </ClCompile>
    <ClCompile Include="Reliable\Strategy\CDestroyStrategy.cpp">
      <Filter>Source Files</Filter>
    </ClCompile>
    <ClCompile Include="BizLogic\CGraphicLogic.cpp">
      <Filter>Source Files</Filter>
    </ClCompile>
    <ClCompile Include="Reliable\Connections\CHubConnection.cpp">
      <Filter>Source Files</Filter>
    </ClCompile>
    <ClCompile Include="Reliable\DataUnit\CMessage.cpp">
      <Filter>Source Files</Filter>
    </ClCompile>
    <ClCompile Include="Message\CModuleAgent.cpp">
      <Filter>Source Files</Filter>
    </ClCompile>
    <ClCompile Include="Message\CMsgObject.cpp">
      <Filter>Source Files</Filter>
    </ClCompile>
    <ClCompile Include="Message\CMsgReceiver.cpp">
      <Filter>Source Files</Filter>
    </ClCompile>
    <ClCompile Include="Message\CMsgSender.cpp">
      <Filter>Source Files</Filter>
    </ClCompile>
    <ClCompile Include="Reliable\DataUnit\CPackage.cpp">
      <Filter>Source Files</Filter>
    </ClCompile>
    <ClCompile Include="Reliable\Connections\CPeerConnection.cpp">
      <Filter>Source Files</Filter>
    </ClCompile>
    <ClCompile Include="Reliable\Connections\CReliableConnection.cpp">
      <Filter>Source Files</Filter>
    </ClCompile>
    <ClCompile Include="Reliable\Server\CServer.cpp">
      <Filter>Source Files</Filter>
    </ClCompile>
    <ClCompile Include="Reliable\Strategy\CSettings.cpp">
      <Filter>Source Files</Filter>
    </ClCompile>
    <ClCompile Include="Reliable\Connections\CSynSocket.cpp">
      <Filter>Source Files</Filter>
    </ClCompile>
    <ClCompile Include="BizLogic\CUserLogic.cpp">
      <Filter>Source Files</Filter>
    </ClCompile>
    <ClCompile Include="Reliable\Server\CWSServer.cpp">
      <Filter>Source Files</Filter>
    </ClCompile>
    <ClCompile Include="Reliable\Strategy\CWriteFileStrategy.cpp">
      <Filter>Source Files</Filter>
    </ClCompile>
    <ClCompile Include="player\absplayer.cpp">
      <Filter>Source Files</Filter>
    </ClCompile>
    <ClCompile Include="BizLogic\cauthlogic.cpp">
      <Filter>Source Files</Filter>
    </ClCompile>
    <ClCompile Include="BizLogic\cfilelogic.cpp">
      <Filter>Source Files</Filter>
    </ClCompile>
    <ClCompile Include="LayerUI\MsgGenerator\cfilemsggenerator.cpp">
      <Filter>Source Files</Filter>
    </ClCompile>
    <ClCompile Include="LayerUI\MsgGenerator\cgraphicmsgcreator.cpp">
      <Filter>Source Files</Filter>
    </ClCompile>
    <ClCompile Include="BizLogic\cloadlogic.cpp">
      <Filter>Source Files</Filter>
    </ClCompile>
    <ClCompile Include="LayerUI\UserInterface\cloginbutton.cpp">
      <Filter>Source Files</Filter>
    </ClCompile>
    <ClCompile Include="LayerUI\UserInterface\colorcombox.cpp">
      <Filter>Source Files</Filter>
    </ClCompile>
    <ClCompile Include="LayerUI\SlideScreen\coursewarewidget.cpp">
      <Filter>Source Files</Filter>
    </ClCompile>
    <ClCompile Include="LayerUI\MsgGenerator\cplayergenerator.cpp">
      <Filter>Source Files</Filter>
    </ClCompile>
    <ClCompile Include="BizLogic\cplayerlogic.cpp">
      <Filter>Source Files</Filter>
    </ClCompile>
    <ClCompile Include="LayerUI\UserInterface\cpromptframe.cpp">
      <Filter>Source Files</Filter>
    </ClCompile>
    <ClCompile Include="LayerUI\MsgGenerator\cracegenerator.cpp">
      <Filter>Source Files</Filter>
    </ClCompile>
    <ClCompile Include="LayerUI\UserInterface\csettingsbutton.cpp">
      <Filter>Source Files</Filter>
    </ClCompile>
    <ClCompile Include="LayerUI\DrawingScreen\cshape.cpp">
      <Filter>Source Files</Filter>
    </ClCompile>
    <ClCompile Include="LayerUI\UserInterface\cshapechooser.cpp">
      <Filter>Source Files</Filter>
    </ClCompile>
    <ClCompile Include="LayerUI\UserInterface\cuserlistwidget.cpp">
      <Filter>Source Files</Filter>
    </ClCompile>
    <ClCompile Include="BizLogic\datasingleton.cpp">
      <Filter>Source Files</Filter>
    </ClCompile>
    <ClCompile Include="BeforeClass\dialogchoosereplay.cpp">
      <Filter>Source Files</Filter>
    </ClCompile>
    <ClCompile Include="LayerUI\UserInterface\dialogpixmap.cpp">
      <Filter>Source Files</Filter>
    </ClCompile>
    <ClCompile Include="player\docplayer.cpp">
      <Filter>Source Files</Filter>
    </ClCompile>
    <ClCompile Include="Reliable\Zip\ioapi.c">
      <Filter>Source Files</Filter>
    </ClCompile>
    <ClCompile Include="Reliable\OSInedependent\libiop\iop_thread.c">
      <Filter>Source Files</Filter>
    </ClCompile>
    <ClCompile Include="Reliable\OSInedependent\libiop\iop_util.c">
      <Filter>Source Files</Filter>
    </ClCompile>
    <ClCompile Include="Reliable\Zip\iowin32.c">
      <Filter>Source Files</Filter>
    </ClCompile>
    <ClCompile Include="player\jpgplayer.cpp">
      <Filter>Source Files</Filter>
    </ClCompile>
    <ClCompile Include="LayerUI\UserInterface\linewidthcombox.cpp">
      <Filter>Source Files</Filter>
    </ClCompile>
    <ClCompile Include="BeforeClass\logindialog.cpp">
      <Filter>Source Files</Filter>
    </ClCompile>
    <ClCompile Include="main.cpp">
      <Filter>Source Files</Filter>
    </ClCompile>
    <ClCompile Include="LayerUI\mainwindow.cpp">
      <Filter>Source Files</Filter>
    </ClCompile>
    <ClCompile Include="LayerUI\DrawingScreen\myscene.cpp">
      <Filter>Source Files</Filter>
    </ClCompile>
    <ClCompile Include="LayerUI\UserInterface\myview.cpp">
      <Filter>Source Files</Filter>
    </ClCompile>
    <ClCompile Include="Reliable\Zip\myzip.cpp">
      <Filter>Source Files</Filter>
    </ClCompile>
    <ClCompile Include="Reliable\OSInedependent\others.cpp">
      <Filter>Source Files</Filter>
    </ClCompile>
    <ClCompile Include="player\playerfactory.cpp">
      <Filter>Source Files</Filter>
    </ClCompile>
    <ClCompile Include="player\pptplayer.cpp">
      <Filter>Source Files</Filter>
    </ClCompile>
    <ClCompile Include="LayerUI\UserInterface\prompt.cpp">
      <Filter>Source Files</Filter>
    </ClCompile>
    <ClCompile Include="Net\replays.cpp">
      <Filter>Source Files</Filter>
    </ClCompile>
    <ClCompile Include="BeforeClass\totalprocess.cpp">
      <Filter>Source Files</Filter>
    </ClCompile>
    <ClCompile Include="Reliable\Zip\unzip.c">
      <Filter>Source Files</Filter>
    </ClCompile>
    <ClCompile Include="player\videoplayer.cpp">
      <Filter>Source Files</Filter>
    </ClCompile>
    <ClCompile Include="LayerUI\UserInterface\widgetwarelistitem.cpp">
      <Filter>Source Files</Filter>
    </ClCompile>
    <ClCompile Include="Reliable\Zip\zip.c">
      <Filter>Source Files</Filter>
    </ClCompile>
    <ClCompile Include="BizLogic\CQuestionLogic.cpp">
      <Filter>Generated Files</Filter>
    </ClCompile>
    <ClCompile Include="Debug\moc_CQuestionLogic.cpp">
      <Filter>Generated Files\Debug</Filter>
    </ClCompile>
    <ClCompile Include="Release\moc_CQuestionLogic.cpp">
      <Filter>Generated Files\Debug</Filter>
    </ClCompile>
    <ClCompile Include="LayerUI\UserInterface\dialoganswerquestion.cpp">
      <Filter>Generated Files</Filter>
    </ClCompile>
    <ClCompile Include="Debug\moc_dialoganswerquestion.cpp">
      <Filter>Generated Files\Debug</Filter>
    </ClCompile>
    <ClCompile Include="Release\moc_dialoganswerquestion.cpp">
      <Filter>Generated Files\Release</Filter>
    </ClCompile>
    <ClCompile Include="LayerUI\UserInterface\dialogbuildquestion.cpp">
      <Filter>Generated Files</Filter>
    </ClCompile>
    <ClCompile Include="Debug\moc_dialogbuildquestion.cpp">
      <Filter>Generated Files\Debug</Filter>
    </ClCompile>
    <ClCompile Include="Release\moc_dialogbuildquestion.cpp">
      <Filter>Generated Files\Release</Filter>
    </ClCompile>
    <ClCompile Include="LayerUI\UserInterface\dialogbuildstatistics.cpp">
      <Filter>Generated Files</Filter>
    </ClCompile>
    <ClCompile Include="Debug\moc_dialogbuildstatistics.cpp">
      <Filter>Generated Files\Debug</Filter>
    </ClCompile>
    <ClCompile Include="Release\moc_dialogbuildstatistics.cpp">
      <Filter>Generated Files\Release</Filter>
    </ClCompile>
    <ClCompile Include="Debug\moc_widgetansweraccountitem.cpp">
      <Filter>Generated Files\Debug</Filter>
    </ClCompile>
    <ClCompile Include="Release\moc_widgetansweraccountitem.cpp">
      <Filter>Generated Files\Release</Filter>
    </ClCompile>
    <ClCompile Include="Debug\moc_absplayer.cpp">
      <Filter>Generated Files\Debug</Filter>
    </ClCompile>
    <ClCompile Include="Release\moc_absplayer.cpp">
      <Filter>Generated Files\Release</Filter>
    </ClCompile>
    <ClCompile Include="Debug\moc_cloginbutton.cpp">
      <Filter>Generated Files\Debug</Filter>
    </ClCompile>
    <ClCompile Include="Release\moc_cloginbutton.cpp">
      <Filter>Generated Files\Release</Filter>
    </ClCompile>
    <ClCompile Include="Debug\moc_colorcombox.cpp">
      <Filter>Generated Files\Debug</Filter>
    </ClCompile>
    <ClCompile Include="Release\moc_colorcombox.cpp">
      <Filter>Generated Files\Release</Filter>
    </ClCompile>
    <ClCompile Include="Debug\moc_coursewarewidget.cpp">
      <Filter>Generated Files\Debug</Filter>
    </ClCompile>
    <ClCompile Include="Release\moc_coursewarewidget.cpp">
      <Filter>Generated Files\Release</Filter>
    </ClCompile>
    <ClCompile Include="Debug\moc_csettingsbutton.cpp">
      <Filter>Generated Files\Debug</Filter>
    </ClCompile>
    <ClCompile Include="Release\moc_csettingsbutton.cpp">
      <Filter>Generated Files\Release</Filter>
    </ClCompile>
    <ClCompile Include="Debug\moc_cshapechooser.cpp">
      <Filter>Generated Files\Debug</Filter>
    </ClCompile>
    <ClCompile Include="Release\moc_cshapechooser.cpp">
      <Filter>Generated Files\Release</Filter>
    </ClCompile>
    <ClCompile Include="Debug\moc_cuserlistwidget.cpp">
      <Filter>Generated Files\Debug</Filter>
    </ClCompile>
    <ClCompile Include="Release\moc_cuserlistwidget.cpp">
      <Filter>Generated Files\Release</Filter>
    </ClCompile>
    <ClCompile Include="Debug\moc_dialogchoosereplay.cpp">
      <Filter>Generated Files\Debug</Filter>
    </ClCompile>
    <ClCompile Include="Release\moc_dialogchoosereplay.cpp">
      <Filter>Generated Files\Release</Filter>
    </ClCompile>
    <ClCompile Include="Debug\moc_dialogpixmap.cpp">
      <Filter>Generated Files\Debug</Filter>
    </ClCompile>
    <ClCompile Include="Release\moc_dialogpixmap.cpp">
      <Filter>Generated Files\Release</Filter>
    </ClCompile>
    <ClCompile Include="Debug\moc_linewidthcombox.cpp">
      <Filter>Generated Files\Debug</Filter>
    </ClCompile>
    <ClCompile Include="Release\moc_linewidthcombox.cpp">
      <Filter>Generated Files\Release</Filter>
    </ClCompile>
    <ClCompile Include="Debug\moc_logindialog.cpp">
      <Filter>Generated Files\Debug</Filter>
    </ClCompile>
    <ClCompile Include="Release\moc_logindialog.cpp">
      <Filter>Generated Files\Release</Filter>
    </ClCompile>
    <ClCompile Include="Debug\moc_mainwindow.cpp">
      <Filter>Generated Files\Debug</Filter>
    </ClCompile>
    <ClCompile Include="Release\moc_mainwindow.cpp">
      <Filter>Generated Files\Release</Filter>
    </ClCompile>
    <ClCompile Include="Debug\moc_myscene.cpp">
      <Filter>Generated Files\Debug</Filter>
    </ClCompile>
    <ClCompile Include="Release\moc_myscene.cpp">
      <Filter>Generated Files\Release</Filter>
    </ClCompile>
    <ClCompile Include="Debug\moc_myview.cpp">
      <Filter>Generated Files\Debug</Filter>
    </ClCompile>
    <ClCompile Include="Release\moc_myview.cpp">
      <Filter>Generated Files\Release</Filter>
    </ClCompile>
    <ClCompile Include="Debug\moc_prompt.cpp">
      <Filter>Generated Files\Debug</Filter>
    </ClCompile>
    <ClCompile Include="Release\moc_prompt.cpp">
      <Filter>Generated Files\Release</Filter>
    </ClCompile>
    <ClCompile Include="Debug\moc_totalprocess.cpp">
      <Filter>Generated Files\Debug</Filter>
    </ClCompile>
    <ClCompile Include="Release\moc_totalprocess.cpp">
      <Filter>Generated Files\Release</Filter>
    </ClCompile>
    <ClCompile Include="Debug\moc_widgetwarelistitem.cpp">
      <Filter>Generated Files\Debug</Filter>
    </ClCompile>
    <ClCompile Include="Release\moc_widgetwarelistitem.cpp">
      <Filter>Generated Files\Release</Filter>
    </ClCompile>
    <ClCompile Include="GeneratedFiles\qrc_ui.cpp">
      <Filter>Generated Files</Filter>
    </ClCompile>
    <ClCompile Include="LayerUI\UserInterface\widgetansweraccountitem.cpp">
      <Filter>Generated Files</Filter>
    </ClCompile>
  </ItemGroup>
  <ItemGroup>
    <ClInclude Include="Reliable\Connections\CAbsConnection.h">
      <Filter>Header Files</Filter>
    </ClInclude>
    <ClInclude Include="Reliable\Server\CAbsServer.h">
      <Filter>Header Files</Filter>
    </ClInclude>
    <ClInclude Include="Reliable\Connections\CAbsSocket.h">
      <Filter>Header Files</Filter>
    </ClInclude>
    <ClInclude Include="Reliable\Strategy\CAbsStrategy.h">
      <Filter>Header Files</Filter>
    </ClInclude>
    <ClInclude Include="Reliable\Server\CAgentServer.h">
      <Filter>Header Files</Filter>
    </ClInclude>
    <ClInclude Include="BizLogic\CBaseLogic.h">
      <Filter>Header Files</Filter>
    </ClInclude>
    <ClInclude Include="Reliable\DataUnit\CBlock.h">
      <Filter>Header Files</Filter>
    </ClInclude>
    <ClInclude Include="Reliable\DataUnit\CBlockManager.h">
      <Filter>Header Files</Filter>
    </ClInclude>
    <ClInclude Include="BizLogic\CBusinessLogic.h">
      <Filter>Header Files</Filter>
    </ClInclude>
    <ClInclude Include="Net\CClientNet.h">
      <Filter>Header Files</Filter>
    </ClInclude>
    <ClInclude Include="Reliable\Connections\CConnection.h">
      <Filter>Header Files</Filter>
    </ClInclude>
    <ClInclude Include="Reliable\Strategy\CDestroyStrategy.h">
      <Filter>Header Files</Filter>
    </ClInclude>
    <ClInclude Include="BizLogic\CGraphicLogic.h">
      <Filter>Header Files</Filter>
    </ClInclude>
    <ClInclude Include="Reliable\Connections\CHubConnection.h">
      <Filter>Header Files</Filter>
    </ClInclude>
    <ClInclude Include="Reliable\DataUnit\CMessage.h">
      <Filter>Header Files</Filter>
    </ClInclude>
    <ClInclude Include="Message\CModuleAgent.h">
      <Filter>Header Files</Filter>
    </ClInclude>
    <ClInclude Include="Message\CMsgObject.h">
      <Filter>Header Files</Filter>
    </ClInclude>
    <ClInclude Include="Message\CMsgReceiver.h">
      <Filter>Header Files</Filter>
    </ClInclude>
    <ClInclude Include="Message\CMsgSender.h">
      <Filter>Header Files</Filter>
    </ClInclude>
    <ClInclude Include="Reliable\DataUnit\CPackage.h">
      <Filter>Header Files</Filter>
    </ClInclude>
    <ClInclude Include="Reliable\Connections\CPeerConnection.h">
      <Filter>Header Files</Filter>
    </ClInclude>
    <ClInclude Include="Reliable\DataUnit\CPeerPacket.h">
      <Filter>Header Files</Filter>
    </ClInclude>
    <ClInclude Include="Reliable\Connections\CReliableConnection.h">
      <Filter>Header Files</Filter>
    </ClInclude>
    <ClInclude Include="Reliable\Server\CServer.h">
      <Filter>Header Files</Filter>
    </ClInclude>
    <ClInclude Include="Reliable\Strategy\CSettings.h">
      <Filter>Header Files</Filter>
    </ClInclude>
    <ClInclude Include="Reliable\Connections\CSynSocket.h">
      <Filter>Header Files</Filter>
    </ClInclude>
    <ClInclude Include="BizLogic\CUserLogic.h">
      <Filter>Header Files</Filter>
    </ClInclude>
    <ClInclude Include="Reliable\Server\CWSServer.h">
      <Filter>Header Files</Filter>
    </ClInclude>
    <ClInclude Include="Reliable\Strategy\CWriteFileStrategy.h">
      <Filter>Header Files</Filter>
    </ClInclude>
    <ClInclude Include="Reliable\DataStructure\Pool.h">
      <Filter>Header Files</Filter>
    </ClInclude>
    <ClInclude Include="Reliable\DataStructure\TSQueue.h">
      <Filter>Header Files</Filter>
    </ClInclude>
    <ClInclude Include="Reliable\DataUnit\UserBase.h">
      <Filter>Header Files</Filter>
    </ClInclude>
    <CustomBuild Include="player\absplayer.h">
      <Filter>Header Files</Filter>
    </CustomBuild>
    <ClInclude Include="BizLogic\cauthlogic.h">
      <Filter>Header Files</Filter>
    </ClInclude>
    <ClInclude Include="BizLogic\cfilelogic.h">
      <Filter>Header Files</Filter>
    </ClInclude>
    <ClInclude Include="LayerUI\MsgGenerator\cfilemsggenerator.h">
      <Filter>Header Files</Filter>
    </ClInclude>
    <ClInclude Include="LayerUI\MsgGenerator\cgraphicmsgcreator.h">
      <Filter>Header Files</Filter>
    </ClInclude>
    <ClInclude Include="BizLogic\cloadlogic.h">
      <Filter>Header Files</Filter>
    </ClInclude>
    <CustomBuild Include="LayerUI\UserInterface\cloginbutton.h">
      <Filter>Header Files</Filter>
    </CustomBuild>
    <CustomBuild Include="LayerUI\UserInterface\colorcombox.h">
      <Filter>Header Files</Filter>
    </CustomBuild>
    <CustomBuild Include="LayerUI\SlideScreen\coursewarewidget.h">
      <Filter>Header Files</Filter>
    </CustomBuild>
    <ClInclude Include="LayerUI\MsgGenerator\cplayergenerator.h">
      <Filter>Header Files</Filter>
    </ClInclude>
    <ClInclude Include="BizLogic\cplayerlogic.h">
      <Filter>Header Files</Filter>
    </ClInclude>
    <ClInclude Include="LayerUI\UserInterface\cpromptframe.h">
      <Filter>Header Files</Filter>
    </ClInclude>
    <ClInclude Include="LayerUI\MsgGenerator\cracegenerator.h">
      <Filter>Header Files</Filter>
    </ClInclude>
    <ClInclude Include="Reliable\Zip\crypt.h">
      <Filter>Header Files</Filter>
    </ClInclude>
    <CustomBuild Include="LayerUI\UserInterface\csettingsbutton.h">
      <Filter>Header Files</Filter>
    </CustomBuild>
    <ClInclude Include="LayerUI\DrawingScreen\cshape.h">
      <Filter>Header Files</Filter>
    </ClInclude>
    <CustomBuild Include="LayerUI\UserInterface\cshapechooser.h">
      <Filter>Header Files</Filter>
    </CustomBuild>
    <CustomBuild Include="LayerUI\UserInterface\cuserlistwidget.h">
      <Filter>Header Files</Filter>
    </CustomBuild>
    <ClInclude Include="BizLogic\datasingleton.h">
      <Filter>Header Files</Filter>
    </ClInclude>
    <CustomBuild Include="BeforeClass\dialogchoosereplay.h">
      <Filter>Header Files</Filter>
    </CustomBuild>
    <CustomBuild Include="LayerUI\UserInterface\dialogpixmap.h">
      <Filter>Header Files</Filter>
    </CustomBuild>
    <ClInclude Include="player\docplayer.h">
      <Filter>Header Files</Filter>
    </ClInclude>
    <ClInclude Include="Reliable\Zip\ioapi.h">
      <Filter>Header Files</Filter>
    </ClInclude>
    <ClInclude Include="Reliable\OSInedependent\libiop\iop_config.h">
      <Filter>Header Files</Filter>
    </ClInclude>
    <ClInclude Include="Reliable\OSInedependent\libiop\iop_thread.h">
      <Filter>Header Files</Filter>
    </ClInclude>
    <ClInclude Include="Reliable\OSInedependent\libiop\iop_util.h">
      <Filter>Header Files</Filter>
    </ClInclude>
    <ClInclude Include="Reliable\Zip\iowin32.h">
      <Filter>Header Files</Filter>
    </ClInclude>
    <ClInclude Include="player\jpgplayer.h">
      <Filter>Header Files</Filter>
    </ClInclude>
    <CustomBuild Include="LayerUI\UserInterface\linewidthcombox.h">
      <Filter>Header Files</Filter>
    </CustomBuild>
    <CustomBuild Include="BeforeClass\logindialog.h">
      <Filter>Header Files</Filter>
    </CustomBuild>
    <CustomBuild Include="LayerUI\mainwindow.h">
      <Filter>Header Files</Filter>
    </CustomBuild>
    <CustomBuild Include="LayerUI\DrawingScreen\myscene.h">
      <Filter>Header Files</Filter>
    </CustomBuild>
    <CustomBuild Include="LayerUI\UserInterface\myview.h">
      <Filter>Header Files</Filter>
    </CustomBuild>
    <ClInclude Include="Reliable\Zip\myzip.h">
      <Filter>Header Files</Filter>
    </ClInclude>
    <ClInclude Include="Reliable\OSInedependent\others.h">
      <Filter>Header Files</Filter>
    </ClInclude>
    <ClInclude Include="player\playerfactory.h">
      <Filter>Header Files</Filter>
    </ClInclude>
    <ClInclude Include="player\pptplayer.h">
      <Filter>Header Files</Filter>
    </ClInclude>
    <CustomBuild Include="LayerUI\UserInterface\prompt.h">
      <Filter>Header Files</Filter>
    </CustomBuild>
    <ClInclude Include="Net\replays.h">
      <Filter>Header Files</Filter>
    </ClInclude>
    <ClInclude Include="stdafx.h">
      <Filter>Header Files</Filter>
    </ClInclude>
    <CustomBuild Include="BeforeClass\totalprocess.h">
      <Filter>Header Files</Filter>
    </CustomBuild>
    <ClInclude Include="Reliable\Zip\unzip.h">
      <Filter>Header Files</Filter>
    </ClInclude>
    <ClInclude Include="player\videoplayer.h">
      <Filter>Header Files</Filter>
    </ClInclude>
    <CustomBuild Include="LayerUI\UserInterface\widgetwarelistitem.h">
      <Filter>Header Files</Filter>
    </CustomBuild>
    <ClInclude Include="Reliable\Zip\zconf.h">
      <Filter>Header Files</Filter>
    </ClInclude>
    <ClInclude Include="Reliable\Zip\zip.h">
      <Filter>Header Files</Filter>
    </ClInclude>
    <ClInclude Include="Reliable\Zip\zlib.h">
      <Filter>Header Files</Filter>
    </ClInclude>
    <ClInclude Include="GeneratedFiles\ui_coursewarewidget.h">
      <Filter>Generated Files</Filter>
    </ClInclude>
    <ClInclude Include="GeneratedFiles\ui_dialogchoosereplay.h">
      <Filter>Generated Files</Filter>
    </ClInclude>
    <ClInclude Include="GeneratedFiles\ui_dialogpixmap.h">
      <Filter>Generated Files</Filter>
    </ClInclude>
    <ClInclude Include="GeneratedFiles\ui_logindialog.h">
      <Filter>Generated Files</Filter>
    </ClInclude>
    <ClInclude Include="GeneratedFiles\ui_loginwidget.h">
      <Filter>Generated Files</Filter>
    </ClInclude>
    <ClInclude Include="GeneratedFiles\ui_mainwindow.h">
      <Filter>Generated Files</Filter>
    </ClInclude>
    <ClInclude Include="GeneratedFiles\ui_prompt.h">
      <Filter>Generated Files</Filter>
    </ClInclude>
    <ClInclude Include="GeneratedFiles\ui_settingwidget.h">
      <Filter>Generated Files</Filter>
    </ClInclude>
    <ClInclude Include="GeneratedFiles\ui_widgetwarelistitem.h">
      <Filter>Generated Files</Filter>
    </ClInclude>
    <ClInclude Include="GeneratedFiles\ui_dialoganswerquestion.h">
      <Filter>Generated Files</Filter>
    </ClInclude>
    <ClInclude Include="GeneratedFiles\ui_dialogbuildquestion.h">
      <Filter>Generated Files</Filter>
    </ClInclude>
    <ClInclude Include="GeneratedFiles\ui_dialogbuildstatistics.h">
      <Filter>Generated Files</Filter>
    </ClInclude>
    <ClInclude Include="GeneratedFiles\ui_widgetansweraccountitem.h">
      <Filter>Generated Files</Filter>
    </ClInclude>
  </ItemGroup>
  <ItemGroup>
    <CustomBuild Include="coursewarewidget.ui">
      <Filter>Form Files</Filter>
    </CustomBuild>
    <CustomBuild Include="BeforeClass\dialogchoosereplay.ui">
      <Filter>Form Files</Filter>
    </CustomBuild>
    <CustomBuild Include="LayerUI\UserInterface\dialogpixmap.ui">
      <Filter>Form Files</Filter>
    </CustomBuild>
    <CustomBuild Include="BeforeClass\logindialog.ui">
      <Filter>Form Files</Filter>
    </CustomBuild>
    <CustomBuild Include="loginwidget.ui">
      <Filter>Form Files</Filter>
    </CustomBuild>
    <CustomBuild Include="mainwindow.ui">
      <Filter>Form Files</Filter>
    </CustomBuild>
    <CustomBuild Include="prompt.ui">
      <Filter>Form Files</Filter>
    </CustomBuild>
    <CustomBuild Include="settingwidget.ui">
      <Filter>Form Files</Filter>
    </CustomBuild>
    <CustomBuild Include="widgetwarelistitem.ui">
      <Filter>Form Files</Filter>
    </CustomBuild>
    <CustomBuild Include="BizLogic\CQuestionLogic.h">
      <Filter>Generated Files</Filter>
    </CustomBuild>
    <CustomBuild Include="LayerUI\UserInterface\dialoganswerquestion.h">
      <Filter>Generated Files</Filter>
    </CustomBuild>
    <CustomBuild Include="LayerUI\UserInterface\dialoganswerquestion.ui">
      <Filter>Form Files</Filter>
    </CustomBuild>
    <CustomBuild Include="LayerUI\UserInterface\dialogbuildquestion.h">
      <Filter>Generated Files</Filter>
    </CustomBuild>
    <CustomBuild Include="LayerUI\UserInterface\dialogbuildquestion.ui">
      <Filter>Form Files</Filter>
    </CustomBuild>
    <CustomBuild Include="LayerUI\UserInterface\dialogbuildstatistics.h">
      <Filter>Generated Files</Filter>
    </CustomBuild>
    <CustomBuild Include="LayerUI\UserInterface\dialogbuildstatistics.ui">
      <Filter>Form Files</Filter>
    </CustomBuild>
    <CustomBuild Include="LayerUI\UserInterface\widgetansweraccountitem.h">
      <Filter>Generated Files</Filter>
    </CustomBuild>
    <CustomBuild Include="LayerUI\UserInterface\widgetansweraccountitem.ui">
      <Filter>Form Files</Filter>
    </CustomBuild>
  </ItemGroup>
  <ItemGroup>
    <None Include="(2).png">
      <Filter>Resource Files</Filter>
    </None>
    <None Include="ui\icon\16x16.png">
      <Filter>Resource Files</Filter>
    </None>
    <None Include="ui\icon\32x32.png">
      <Filter>Resource Files</Filter>
    </None>
    <None Include="ui\icon\64x64.png">
      <Filter>Resource Files</Filter>
    </None>
    <None Include="stylesheets\GreenCourseWare.qss">
      <Filter>Resource Files</Filter>
    </None>
    <None Include="stylesheets\GreenGroupIcon.qss">
      <Filter>Resource Files</Filter>
    </None>
    <None Include="stylesheets\GreenMainwindow.qss">
      <Filter>Resource Files</Filter>
    </None>
    <None Include="stylesheets\OrangeCourseWare.qss">
      <Filter>Resource Files</Filter>
    </None>
    <None Include="stylesheets\OrangeGroupIcon.qss">
      <Filter>Resource Files</Filter>
    </None>
    <None Include="stylesheets\OrangeMainwindow.qss">
      <Filter>Resource Files</Filter>
    </None>
    <None Include="ui\back\backRace.png">
      <Filter>Resource Files</Filter>
    </None>
    <None Include="ui\back\background.jpg">
      <Filter>Resource Files</Filter>
    </None>
    <None Include="ui\back\background.png">
      <Filter>Resource Files</Filter>
    </None>
    <None Include="ui\icon\back">
      <Filter>Resource Files</Filter>
    </None>
    <None Include="ui\back\blue.png">
      <Filter>Resource Files</Filter>
    </None>
    <None Include="board.png">
      <Filter>Resource Files</Filter>
    </None>
    <None Include="ui\icon\brush.png">
      <Filter>Resource Files</Filter>
    </None>
    <None Include="class.png">
      <Filter>Resource Files</Filter>
    </None>
    <None Include="ui\icon\close1.png">
      <Filter>Resource Files</Filter>
    </None>
    <None Include="ui\icon\close2.png">
      <Filter>Resource Files</Filter>
    </None>
    <None Include="ui\back\combox.png">
      <Filter>Resource Files</Filter>
    </None>
    <None Include="ui\back\combox2.png">
      <Filter>Resource Files</Filter>
    </None>
    <None Include="ui\icon\courseware.png">
      <Filter>Resource Files</Filter>
    </None>
    <None Include="ui\word\enterclass.png">
      <Filter>Resource Files</Filter>
    </None>
    <None Include="ui\icon\eraser.png">
      <Filter>Resource Files</Filter>
    </None>
    <None Include="ui\icon\eraser1.png">
      <Filter>Resource Files</Filter>
    </None>
    <None Include="ui\icon\eraser2.png">
      <Filter>Resource Files</Filter>
    </None>
    <None Include="ui\icon\eraser3.png">
      <Filter>Resource Files</Filter>
    </None>
    <None Include="ui\icon\exit.png">
      <Filter>Resource Files</Filter>
    </None>
    <None Include="ui\icon\fulann_logo.png">
      <Filter>Resource Files</Filter>
    </None>
    <None Include="ui\back\grey.png">
      <Filter>Resource Files</Filter>
    </None>
    <None Include="ground.png">
      <Filter>Resource Files</Filter>
    </None>
    <None Include="icon.png">
      <Filter>Resource Files</Filter>
    </None>
    <None Include="ui\icon\l.png">
      <Filter>Resource Files</Filter>
    </None>
    <None Include="ui\word\leaveclass.png">
      <Filter>Resource Files</Filter>
    </None>
    <None Include="ui\back\line.png">
      <Filter>Resource Files</Filter>
    </None>
    <None Include="ui\icon\llpassword.png">
      <Filter>Resource Files</Filter>
    </None>
    <None Include="ui\icon\llusername.png">
      <Filter>Resource Files</Filter>
    </None>
    <None Include="ui\icon\logo.png">
      <Filter>Resource Files</Filter>
    </None>
    <None Include="ui\icon\logo1.jpg">
      <Filter>Resource Files</Filter>
    </None>
    <None Include="ui\icon\logo1.png">
      <Filter>Resource Files</Filter>
    </None>
    <None Include="ui\icon\logo2.png">
      <Filter>Resource Files</Filter>
    </None>
    <None Include="ui\icon\logo3.png">
      <Filter>Resource Files</Filter>
    </None>
    <None Include="ui\icon\logo">
      <Filter>Resource Files</Filter>
    </None>
    <None Include="ui\icon\manage.png">
      <Filter>Resource Files</Filter>
    </None>
    <None Include="ui\icon\my">
      <Filter>Resource Files</Filter>
    </None>
    <None Include="ui\icon\next.png">
      <Filter>Resource Files</Filter>
    </None>
    <None Include="ui\icon\numeber.png">
      <Filter>Resource Files</Filter>
    </None>
    <None Include="ui\back\orange1.png">
      <Filter>Resource Files</Filter>
    </None>
    <None Include="ui\back\orange2.png">
      <Filter>Resource Files</Filter>
    </None>
    <None Include="ui\icon\password.png">
      <Filter>Resource Files</Filter>
    </None>
    <None Include="ui\icon\password">
      <Filter>Resource Files</Filter>
    </None>
    <None Include="ui\icon\pencil.png">
      <Filter>Resource Files</Filter>
    </None>
    <None Include="ui\back\pink.png">
      <Filter>Resource Files</Filter>
    </None>
    <None Include="ui\icon\platte.png">
      <Filter>Resource Files</Filter>
    </None>
    <None Include="ui\icon\prev.png">
      <Filter>Resource Files</Filter>
    </None>
    <None Include="ui\icon\r.png">
      <Filter>Resource Files</Filter>
    </None>
    <None Include="ui\icon\raceDown.png">
      <Filter>Resource Files</Filter>
    </None>
    <None Include="ui\icon\raceUp.png">
      <Filter>Resource Files</Filter>
    </None>
    <None Include="ui\icon\remove.png">
      <Filter>Resource Files</Filter>
    </None>
    <None Include="ui\icon\run.png">
      <Filter>Resource Files</Filter>
    </None>
    <None Include="ui\icon\s.png">
      <Filter>Resource Files</Filter>
    </None>
    <None Include="ui\icon\shape.png">
      <Filter>Resource Files</Filter>
    </None>
    <None Include="ui\icon\shapeEllipse.png">
      <Filter>Resource Files</Filter>
    </None>
    <None Include="ui\icon\shapeHexagon.png">
      <Filter>Resource Files</Filter>
    </None>
    <None Include="ui\icon\shapeLine.png">
      <Filter>Resource Files</Filter>
    </None>
    <None Include="ui\icon\shapeRectangle.png">
      <Filter>Resource Files</Filter>
    </None>
    <None Include="ui\icon\shapeRoundRectangle.png">
      <Filter>Resource Files</Filter>
    </None>
    <None Include="ui\icon\shapeScript.png">
      <Filter>Resource Files</Filter>
    </None>
    <None Include="ui\icon\start.png">
      <Filter>Resource Files</Filter>
    </None>
    <None Include="ui\icon\stop.png">
      <Filter>Resource Files</Filter>
    </None>
    <None Include="ui\icon\teacher">
      <Filter>Resource Files</Filter>
    </None>
    <CustomBuild Include="ui.qrc">
      <Filter>Resource Files</Filter>
    </CustomBuild>
    <None Include="ui\icon\user.png">
      <Filter>Resource Files</Filter>
    </None>
    <None Include="ui\icon\username.png">
      <Filter>Resource Files</Filter>
    </None>
    <None Include="ui\back\yellow.png">
      <Filter>Resource Files</Filter>
    </None>
    <None Include="ui\icon\back ground.png">
      <Filter>Resource Files</Filter>
    </None>
    <None Include="ui\icon\my board.png">
      <Filter>Resource Files</Filter>
    </None>
    <None Include="ui\icon\my class.png">
      <Filter>Resource Files</Filter>
    </None>
    <None Include="ui\icon\teacher board.png">
      <Filter>Resource Files</Filter>
    </None>
    <None Include="ui\icon\password (2).png">
      <Filter>Resource Files</Filter>
    </None>
    <None Include="ui\icon\logo icon.png">
      <Filter>Resource Files</Filter>
    </None>
    <None Include="ClassDiagram.cd" />
    <None Include="ui\icon\blockblank.png">
      <Filter>Resource Files</Filter>
    </None>
    <None Include="ui\icon\blockcorrect.png">
      <Filter>Resource Files</Filter>
    </None>
    <None Include="ui\icon\blockwrong.png">
      <Filter>Resource Files</Filter>
    </None>
  </ItemGroup>
  <ItemGroup>
    <ResourceCompile Include="C:\Users\Fulaan\Documents\GitHub\server\QtClassClient\TouchPad_resource.rc" />
  </ItemGroup>
</Project>