
Microsoft Visual Studio Solution File, Format Version 11.00
# Visual Studio 2010
Project("{8BC9CEB8-8B4A-11D0-8D11-00A0C91BC942}") = "QtClassUnitTest", "QtClassUnitTest.vcxproj", "{8DC32A83-F06E-3FA5-B902-6ACE90F977EF}"
EndProject
Global
	GlobalSection(SolutionConfigurationPlatforms) = preSolution
		Debug|Win32 = Debug|Win32
		Release|Win32 = Release|Win32
	EndGlobalSection
	GlobalSection(ProjectConfigurationPlatforms) = postSolution
		{8DC32A83-F06E-3FA5-B902-6ACE90F977EF}.Debug|Win32.ActiveCfg = Debug|Win32
		{8DC32A83-F06E-3FA5-B902-6ACE90F977EF}.Debug|Win32.Build.0 = Debug|Win32
		{8DC32A83-F06E-3FA5-B902-6ACE90F977EF}.Release|Win32.ActiveCfg = Release|Win32
		{8DC32A83-F06E-3FA5-B902-6ACE90F977EF}.Release|Win32.Build.0 = Release|Win32
	EndGlobalSection
	GlobalSection(SolutionProperties) = preSolution
		HideSolutionNode = FALSE
	EndGlobalSection
EndGlobal
